
Microsoft Visual Studio Solution File, Format Version 12.00
# Visual Studio 15
VisualStudioVersion = 15.0.27130.2024
MinimumVisualStudioVersion = 10.0.40219.1
Project("{FAE04EC0-301F-11D3-BF4B-00C04F79EFBC}") = "intento_1_proyecto", "intento_1_proyecto\intento_1_proyecto.csproj", "{96261D1E-2B13-4A4B-9500-0FBB5E0B8982}"
EndProject
Global
	GlobalSection(SolutionConfigurationPlatforms) = preSolution
		Debug|Any CPU = Debug|Any CPU
		Release|Any CPU = Release|Any CPU
	EndGlobalSection
	GlobalSection(ProjectConfigurationPlatforms) = postSolution
		{96261D1E-2B13-4A4B-9500-0FBB5E0B8982}.Debug|Any CPU.ActiveCfg = Debug|Any CPU
		{96261D1E-2B13-4A4B-9500-0FBB5E0B8982}.Debug|Any CPU.Build.0 = Debug|Any CPU
		{96261D1E-2B13-4A4B-9500-0FBB5E0B8982}.Release|Any CPU.ActiveCfg = Release|Any CPU
		{96261D1E-2B13-4A4B-9500-0FBB5E0B8982}.Release|Any CPU.Build.0 = Release|Any CPU
	EndGlobalSection
	GlobalSection(SolutionProperties) = preSolution
		HideSolutionNode = FALSE
	EndGlobalSection
	GlobalSection(ExtensibilityGlobals) = postSolution
		SolutionGuid = {6D139051-EB47-484E-B7BD-7D81BA14ED0F}
	EndGlobalSection
EndGlobal
